
Microsoft Visual Studio Solution File, Format Version 11.00
# Visual Studio 2010
Project("{FAE04EC0-301F-11D3-BF4B-00C04F79EFBC}") = "mygame", "bombers\mygame.csproj", "{1FB7C9AF-AE77-4BEA-AEDF-3594D99A8A0C}"
EndProject
Project("{2150E333-8FDC-42A3-9474-1A3956D46DE8}") = "Solution Items", "Solution Items", "{F5BB16EA-E2BB-4E3E-94F1-1C76AF3A8C7E}"
	ProjectSection(SolutionItems) = preProject
		bombers\bin\Debug\resources\menu_bg.jpg = bombers\bin\Debug\resources\menu_bg.jpg
	EndProjectSection
EndProject
Global
	GlobalSection(SolutionConfigurationPlatforms) = preSolution
		Debug|x86 = Debug|x86
		Release|x86 = Release|x86
	EndGlobalSection
	GlobalSection(ProjectConfigurationPlatforms) = postSolution
		{1FB7C9AF-AE77-4BEA-AEDF-3594D99A8A0C}.Debug|x86.ActiveCfg = Debug|x86
		{1FB7C9AF-AE77-4BEA-AEDF-3594D99A8A0C}.Debug|x86.Build.0 = Debug|x86
		{1FB7C9AF-AE77-4BEA-AEDF-3594D99A8A0C}.Release|x86.ActiveCfg = Release|x86
		{1FB7C9AF-AE77-4BEA-AEDF-3594D99A8A0C}.Release|x86.Build.0 = Release|x86
	EndGlobalSection
	GlobalSection(SolutionProperties) = preSolution
		HideSolutionNode = FALSE
	EndGlobalSection
EndGlobal
